
Microsoft Visual Studio Solution File, Format Version 12.00
# Visual Studio Version 16
VisualStudioVersion = 16.0.31112.23
MinimumVisualStudioVersion = 10.0.40219.1
Project("{FAE04EC0-301F-11D3-BF4B-00C04F79EFBC}") = "FlightInspection", "FlightInspection.csproj", "{896C67F1-13D0-49B2-B822-38DD2D1221ED}"
EndProject
Project("{2150E333-8FDC-42A3-9474-1A3956D46DE8}") = "Solution Items", "Solution Items", "{A25E71C5-E7AE-4BAC-87FE-76D7FFBA06E8}"
	ProjectSection(SolutionItems) = preProject
		.editorconfig = .editorconfig
	EndProjectSection
EndProject
Global
	GlobalSection(SolutionConfigurationPlatforms) = preSolution
		Debug|Any CPU = Debug|Any CPU
		Release|Any CPU = Release|Any CPU
	EndGlobalSection
	GlobalSection(ProjectConfigurationPlatforms) = postSolution
		{896C67F1-13D0-49B2-B822-38DD2D1221ED}.Debug|Any CPU.ActiveCfg = Debug|Any CPU
		{896C67F1-13D0-49B2-B822-38DD2D1221ED}.Debug|Any CPU.Build.0 = Debug|Any CPU
		{896C67F1-13D0-49B2-B822-38DD2D1221ED}.Release|Any CPU.ActiveCfg = Release|Any CPU
		{896C67F1-13D0-49B2-B822-38DD2D1221ED}.Release|Any CPU.Build.0 = Release|Any CPU
	EndGlobalSection
	GlobalSection(SolutionProperties) = preSolution
		HideSolutionNode = FALSE
	EndGlobalSection
	GlobalSection(ExtensibilityGlobals) = postSolution
		SolutionGuid = {4F729FC9-B798-47DD-BA66-440385845282}
	EndGlobalSection
EndGlobal
